
Microsoft Visual Studio Solution File, Format Version 12.00
# Visual Studio Version 17
VisualStudioVersion = 17.7.34009.444
MinimumVisualStudioVersion = 10.0.40219.1
Project("{FAE04EC0-301F-11D3-BF4B-00C04F79EFBC}") = "K_2", "K_2\K_2.csproj", "{62A7A509-32C9-42E9-B500-DB5EB18BC5C8}"
EndProject
Global
	GlobalSection(SolutionConfigurationPlatforms) = preSolution
		Debug|Any CPU = Debug|Any CPU
		Release|Any CPU = Release|Any CPU
	EndGlobalSection
	GlobalSection(ProjectConfigurationPlatforms) = postSolution
		{62A7A509-32C9-42E9-B500-DB5EB18BC5C8}.Debug|Any CPU.ActiveCfg = Debug|Any CPU
		{62A7A509-32C9-42E9-B500-DB5EB18BC5C8}.Debug|Any CPU.Build.0 = Debug|Any CPU
		{62A7A509-32C9-42E9-B500-DB5EB18BC5C8}.Release|Any CPU.ActiveCfg = Release|Any CPU
		{62A7A509-32C9-42E9-B500-DB5EB18BC5C8}.Release|Any CPU.Build.0 = Release|Any CPU
	EndGlobalSection
	GlobalSection(SolutionProperties) = preSolution
		HideSolutionNode = FALSE
	EndGlobalSection
	GlobalSection(ExtensibilityGlobals) = postSolution
		SolutionGuid = {5CF45343-B682-4894-A822-86C7F46D0174}
	EndGlobalSection
EndGlobal
