
Microsoft Visual Studio Solution File, Format Version 12.00
# Visual Studio Version 17
VisualStudioVersion = 17.7.34009.444
MinimumVisualStudioVersion = 10.0.40219.1
Project("{FAE04EC0-301F-11D3-BF4B-00C04F79EFBC}") = "K_12", "K_12\K_12.csproj", "{5C6F0734-CE7A-4E5B-A2D4-10D106C581F8}"
EndProject
Global
	GlobalSection(SolutionConfigurationPlatforms) = preSolution
		Debug|Any CPU = Debug|Any CPU
		Release|Any CPU = Release|Any CPU
	EndGlobalSection
	GlobalSection(ProjectConfigurationPlatforms) = postSolution
		{5C6F0734-CE7A-4E5B-A2D4-10D106C581F8}.Debug|Any CPU.ActiveCfg = Debug|Any CPU
		{5C6F0734-CE7A-4E5B-A2D4-10D106C581F8}.Debug|Any CPU.Build.0 = Debug|Any CPU
		{5C6F0734-CE7A-4E5B-A2D4-10D106C581F8}.Release|Any CPU.ActiveCfg = Release|Any CPU
		{5C6F0734-CE7A-4E5B-A2D4-10D106C581F8}.Release|Any CPU.Build.0 = Release|Any CPU
	EndGlobalSection
	GlobalSection(SolutionProperties) = preSolution
		HideSolutionNode = FALSE
	EndGlobalSection
	GlobalSection(ExtensibilityGlobals) = postSolution
		SolutionGuid = {C1331531-903F-4FE7-A33A-EAC41254AD0A}
	EndGlobalSection
EndGlobal
