
Microsoft Visual Studio Solution File, Format Version 12.00
# Visual Studio Version 17
VisualStudioVersion = 17.7.34009.444
MinimumVisualStudioVersion = 10.0.40219.1
Project("{FAE04EC0-301F-11D3-BF4B-00C04F79EFBC}") = "K_5", "K_5\K_5.csproj", "{22746CE6-C90A-40B0-A92B-47AA2454B900}"
EndProject
Global
	GlobalSection(SolutionConfigurationPlatforms) = preSolution
		Debug|Any CPU = Debug|Any CPU
		Release|Any CPU = Release|Any CPU
	EndGlobalSection
	GlobalSection(ProjectConfigurationPlatforms) = postSolution
		{22746CE6-C90A-40B0-A92B-47AA2454B900}.Debug|Any CPU.ActiveCfg = Debug|Any CPU
		{22746CE6-C90A-40B0-A92B-47AA2454B900}.Debug|Any CPU.Build.0 = Debug|Any CPU
		{22746CE6-C90A-40B0-A92B-47AA2454B900}.Release|Any CPU.ActiveCfg = Release|Any CPU
		{22746CE6-C90A-40B0-A92B-47AA2454B900}.Release|Any CPU.Build.0 = Release|Any CPU
	EndGlobalSection
	GlobalSection(SolutionProperties) = preSolution
		HideSolutionNode = FALSE
	EndGlobalSection
	GlobalSection(ExtensibilityGlobals) = postSolution
		SolutionGuid = {A40824FB-CF6B-4FFE-BAA6-D92ED24C21AD}
	EndGlobalSection
EndGlobal
