
Microsoft Visual Studio Solution File, Format Version 12.00
# Visual Studio Version 17
VisualStudioVersion = 17.7.34009.444
MinimumVisualStudioVersion = 10.0.40219.1
Project("{FAE04EC0-301F-11D3-BF4B-00C04F79EFBC}") = "K_3", "K_3\K_3.csproj", "{6B938B35-2D13-4A48-8BE3-4B85B5C153BB}"
EndProject
Global
	GlobalSection(SolutionConfigurationPlatforms) = preSolution
		Debug|Any CPU = Debug|Any CPU
		Release|Any CPU = Release|Any CPU
	EndGlobalSection
	GlobalSection(ProjectConfigurationPlatforms) = postSolution
		{6B938B35-2D13-4A48-8BE3-4B85B5C153BB}.Debug|Any CPU.ActiveCfg = Debug|Any CPU
		{6B938B35-2D13-4A48-8BE3-4B85B5C153BB}.Debug|Any CPU.Build.0 = Debug|Any CPU
		{6B938B35-2D13-4A48-8BE3-4B85B5C153BB}.Release|Any CPU.ActiveCfg = Release|Any CPU
		{6B938B35-2D13-4A48-8BE3-4B85B5C153BB}.Release|Any CPU.Build.0 = Release|Any CPU
	EndGlobalSection
	GlobalSection(SolutionProperties) = preSolution
		HideSolutionNode = FALSE
	EndGlobalSection
	GlobalSection(ExtensibilityGlobals) = postSolution
		SolutionGuid = {13A83E99-EFE9-410C-99CB-011D8C35A044}
	EndGlobalSection
EndGlobal
