
Microsoft Visual Studio Solution File, Format Version 12.00
# Visual Studio Version 17
VisualStudioVersion = 17.7.34009.444
MinimumVisualStudioVersion = 10.0.40219.1
Project("{FAE04EC0-301F-11D3-BF4B-00C04F79EFBC}") = "K_9", "K_9\K_9.csproj", "{640EC2C7-4C61-468E-AD60-14EC65D1B0B7}"
EndProject
Global
	GlobalSection(SolutionConfigurationPlatforms) = preSolution
		Debug|Any CPU = Debug|Any CPU
		Release|Any CPU = Release|Any CPU
	EndGlobalSection
	GlobalSection(ProjectConfigurationPlatforms) = postSolution
		{640EC2C7-4C61-468E-AD60-14EC65D1B0B7}.Debug|Any CPU.ActiveCfg = Debug|Any CPU
		{640EC2C7-4C61-468E-AD60-14EC65D1B0B7}.Debug|Any CPU.Build.0 = Debug|Any CPU
		{640EC2C7-4C61-468E-AD60-14EC65D1B0B7}.Release|Any CPU.ActiveCfg = Release|Any CPU
		{640EC2C7-4C61-468E-AD60-14EC65D1B0B7}.Release|Any CPU.Build.0 = Release|Any CPU
	EndGlobalSection
	GlobalSection(SolutionProperties) = preSolution
		HideSolutionNode = FALSE
	EndGlobalSection
	GlobalSection(ExtensibilityGlobals) = postSolution
		SolutionGuid = {1974570A-FC4E-471C-8E98-9D479BC9C2BE}
	EndGlobalSection
EndGlobal
